
Microsoft Visual Studio Solution File, Format Version 12.00
# Visual Studio Version 16
VisualStudioVersion = 16.0.30717.126
MinimumVisualStudioVersion = 10.0.40219.1
Project("{FAE04EC0-301F-11D3-BF4B-00C04F79EFBC}") = "KTDH_Nhom23_DoAnCuoiKy", "KTDH_Nhom23_DoAnCuoiKy.csproj", "{F70BAC87-7F09-439B-B047-B38A799B0CDD}"
EndProject
Global
	GlobalSection(SolutionConfigurationPlatforms) = preSolution
		Debug|Any CPU = Debug|Any CPU
		Release|Any CPU = Release|Any CPU
	EndGlobalSection
	GlobalSection(ProjectConfigurationPlatforms) = postSolution
		{F70BAC87-7F09-439B-B047-B38A799B0CDD}.Debug|Any CPU.ActiveCfg = Debug|Any CPU
		{F70BAC87-7F09-439B-B047-B38A799B0CDD}.Debug|Any CPU.Build.0 = Debug|Any CPU
		{F70BAC87-7F09-439B-B047-B38A799B0CDD}.Release|Any CPU.ActiveCfg = Release|Any CPU
		{F70BAC87-7F09-439B-B047-B38A799B0CDD}.Release|Any CPU.Build.0 = Release|Any CPU
	EndGlobalSection
	GlobalSection(SolutionProperties) = preSolution
		HideSolutionNode = FALSE
	EndGlobalSection
	GlobalSection(ExtensibilityGlobals) = postSolution
		SolutionGuid = {4580C839-8C54-45BA-8C5B-5EA019B7FD7A}
	EndGlobalSection
EndGlobal
